
Microsoft Visual Studio Solution File, Format Version 12.00
# Visual Studio Version 16
VisualStudioVersion = 16.0.809.2
MinimumVisualStudioVersion = 10.0.40219.1
Project("{FAE04EC0-301F-11D3-BF4B-00C04F79EFBC}") = "ToDo.Android", "ToDo.Android\ToDo.Android.csproj", "{478D421C-227A-4FDB-88B7-FEA3E2158312}"
EndProject
Project("{FAE04EC0-301F-11D3-BF4B-00C04F79EFBC}") = "ToDo.iOS", "ToDo.iOS\ToDo.iOS.csproj", "{0D3B7048-9347-4E3B-B9D3-2D17D2172F1D}"
EndProject
Project("{FAE04EC0-301F-11D3-BF4B-00C04F79EFBC}") = "ToDo.UITests", "ToDo.UITests\ToDo.UITests.csproj", "{C441591E-0A5A-4E30-A16F-58E9A0AB47EA}"
EndProject
Project("{FAE04EC0-301F-11D3-BF4B-00C04F79EFBC}") = "ToDo", "ToDo\ToDo.csproj", "{D0DAB5F3-301E-4495-8EDB-8E9C6EFBABD0}"
EndProject
Global
	GlobalSection(SolutionConfigurationPlatforms) = preSolution
		Debug|Any CPU = Debug|Any CPU
		Release|Any CPU = Release|Any CPU
		Debug|iPhoneSimulator = Debug|iPhoneSimulator
		Release|iPhoneSimulator = Release|iPhoneSimulator
		Debug|iPhone = Debug|iPhone
		Release|iPhone = Release|iPhone
	EndGlobalSection
	GlobalSection(ProjectConfigurationPlatforms) = postSolution
		{478D421C-227A-4FDB-88B7-FEA3E2158312}.Debug|Any CPU.ActiveCfg = Debug|Any CPU
		{478D421C-227A-4FDB-88B7-FEA3E2158312}.Debug|Any CPU.Build.0 = Debug|Any CPU
		{478D421C-227A-4FDB-88B7-FEA3E2158312}.Release|Any CPU.ActiveCfg = Release|Any CPU
		{478D421C-227A-4FDB-88B7-FEA3E2158312}.Release|Any CPU.Build.0 = Release|Any CPU
		{478D421C-227A-4FDB-88B7-FEA3E2158312}.Debug|iPhoneSimulator.ActiveCfg = Debug|Any CPU
		{478D421C-227A-4FDB-88B7-FEA3E2158312}.Debug|iPhoneSimulator.Build.0 = Debug|Any CPU
		{478D421C-227A-4FDB-88B7-FEA3E2158312}.Release|iPhoneSimulator.ActiveCfg = Release|Any CPU
		{478D421C-227A-4FDB-88B7-FEA3E2158312}.Release|iPhoneSimulator.Build.0 = Release|Any CPU
		{478D421C-227A-4FDB-88B7-FEA3E2158312}.Debug|iPhone.ActiveCfg = Debug|Any CPU
		{478D421C-227A-4FDB-88B7-FEA3E2158312}.Debug|iPhone.Build.0 = Debug|Any CPU
		{478D421C-227A-4FDB-88B7-FEA3E2158312}.Release|iPhone.ActiveCfg = Release|Any CPU
		{478D421C-227A-4FDB-88B7-FEA3E2158312}.Release|iPhone.Build.0 = Release|Any CPU
		{0D3B7048-9347-4E3B-B9D3-2D17D2172F1D}.Debug|Any CPU.ActiveCfg = Debug|iPhoneSimulator
		{0D3B7048-9347-4E3B-B9D3-2D17D2172F1D}.Debug|Any CPU.Build.0 = Debug|iPhoneSimulator
		{0D3B7048-9347-4E3B-B9D3-2D17D2172F1D}.Release|Any CPU.ActiveCfg = Release|iPhoneSimulator
		{0D3B7048-9347-4E3B-B9D3-2D17D2172F1D}.Release|Any CPU.Build.0 = Release|iPhoneSimulator
		{0D3B7048-9347-4E3B-B9D3-2D17D2172F1D}.Debug|iPhoneSimulator.ActiveCfg = Debug|iPhoneSimulator
		{0D3B7048-9347-4E3B-B9D3-2D17D2172F1D}.Debug|iPhoneSimulator.Build.0 = Debug|iPhoneSimulator
		{0D3B7048-9347-4E3B-B9D3-2D17D2172F1D}.Release|iPhoneSimulator.ActiveCfg = Release|iPhoneSimulator
		{0D3B7048-9347-4E3B-B9D3-2D17D2172F1D}.Release|iPhoneSimulator.Build.0 = Release|iPhoneSimulator
		{0D3B7048-9347-4E3B-B9D3-2D17D2172F1D}.Debug|iPhone.ActiveCfg = Debug|iPhone
		{0D3B7048-9347-4E3B-B9D3-2D17D2172F1D}.Debug|iPhone.Build.0 = Debug|iPhone
		{0D3B7048-9347-4E3B-B9D3-2D17D2172F1D}.Release|iPhone.ActiveCfg = Release|iPhone
		{0D3B7048-9347-4E3B-B9D3-2D17D2172F1D}.Release|iPhone.Build.0 = Release|iPhone
		{C441591E-0A5A-4E30-A16F-58E9A0AB47EA}.Debug|Any CPU.ActiveCfg = Debug|Any CPU
		{C441591E-0A5A-4E30-A16F-58E9A0AB47EA}.Debug|Any CPU.Build.0 = Debug|Any CPU
		{C441591E-0A5A-4E30-A16F-58E9A0AB47EA}.Release|Any CPU.ActiveCfg = Release|Any CPU
		{C441591E-0A5A-4E30-A16F-58E9A0AB47EA}.Release|Any CPU.Build.0 = Release|Any CPU
		{C441591E-0A5A-4E30-A16F-58E9A0AB47EA}.Debug|iPhoneSimulator.ActiveCfg = Debug|Any CPU
		{C441591E-0A5A-4E30-A16F-58E9A0AB47EA}.Debug|iPhoneSimulator.Build.0 = Debug|Any CPU
		{C441591E-0A5A-4E30-A16F-58E9A0AB47EA}.Release|iPhoneSimulator.ActiveCfg = Release|Any CPU
		{C441591E-0A5A-4E30-A16F-58E9A0AB47EA}.Release|iPhoneSimulator.Build.0 = Release|Any CPU
		{C441591E-0A5A-4E30-A16F-58E9A0AB47EA}.Debug|iPhone.ActiveCfg = Debug|Any CPU
		{C441591E-0A5A-4E30-A16F-58E9A0AB47EA}.Debug|iPhone.Build.0 = Debug|Any CPU
		{C441591E-0A5A-4E30-A16F-58E9A0AB47EA}.Release|iPhone.ActiveCfg = Release|Any CPU
		{C441591E-0A5A-4E30-A16F-58E9A0AB47EA}.Release|iPhone.Build.0 = Release|Any CPU
		{D0DAB5F3-301E-4495-8EDB-8E9C6EFBABD0}.Debug|Any CPU.ActiveCfg = Debug|Any CPU
		{D0DAB5F3-301E-4495-8EDB-8E9C6EFBABD0}.Debug|Any CPU.Build.0 = Debug|Any CPU
		{D0DAB5F3-301E-4495-8EDB-8E9C6EFBABD0}.Release|Any CPU.ActiveCfg = Release|Any CPU
		{D0DAB5F3-301E-4495-8EDB-8E9C6EFBABD0}.Release|Any CPU.Build.0 = Release|Any CPU
		{D0DAB5F3-301E-4495-8EDB-8E9C6EFBABD0}.Debug|iPhoneSimulator.ActiveCfg = Debug|Any CPU
		{D0DAB5F3-301E-4495-8EDB-8E9C6EFBABD0}.Debug|iPhoneSimulator.Build.0 = Debug|Any CPU
		{D0DAB5F3-301E-4495-8EDB-8E9C6EFBABD0}.Release|iPhoneSimulator.ActiveCfg = Release|Any CPU
		{D0DAB5F3-301E-4495-8EDB-8E9C6EFBABD0}.Release|iPhoneSimulator.Build.0 = Release|Any CPU
		{D0DAB5F3-301E-4495-8EDB-8E9C6EFBABD0}.Debug|iPhone.ActiveCfg = Debug|Any CPU
		{D0DAB5F3-301E-4495-8EDB-8E9C6EFBABD0}.Debug|iPhone.Build.0 = Debug|Any CPU
		{D0DAB5F3-301E-4495-8EDB-8E9C6EFBABD0}.Release|iPhone.ActiveCfg = Release|Any CPU
		{D0DAB5F3-301E-4495-8EDB-8E9C6EFBABD0}.Release|iPhone.Build.0 = Release|Any CPU
	EndGlobalSection
	GlobalSection(SolutionProperties) = preSolution
		HideSolutionNode = FALSE
	EndGlobalSection
	GlobalSection(ExtensibilityGlobals) = postSolution
		SolutionGuid = {36149606-8374-4A7C-85AB-71FD0218C210}
	EndGlobalSection
EndGlobal
